// !$*UTF8*$!
{
	archiveVersion = 1;
	classes = {
	};
	objectVersion = 56;
	objects = {

/* Begin PBXBuildFile section */
		A61B85202BE401A100ED2B93 /* Todo_AppApp.swift in Sources */ = {isa = PBXBuildFile; fileRef = A61B851F2BE401A100ED2B93 /* Todo_AppApp.swift */; };
		A61B85222BE401A100ED2B93 /* ContentView.swift in Sources */ = {isa = PBXBuildFile; fileRef = A61B85212BE401A100ED2B93 /* ContentView.swift */; };
		A61B85242BE401A200ED2B93 /* Assets.xcassets in Resources */ = {isa = PBXBuildFile; fileRef = A61B85232BE401A200ED2B93 /* Assets.xcassets */; };
		A61B85272BE401A200ED2B93 /* Preview Assets.xcassets in Resources */ = {isa = PBXBuildFile; fileRef = A61B85262BE401A200ED2B93 /* Preview Assets.xcassets */; };
		A61B85312BE401A200ED2B93 /* Todo_AppTests.swift in Sources */ = {isa = PBXBuildFile; fileRef = A61B85302BE401A200ED2B93 /* Todo_AppTests.swift */; };
		A61B853B2BE401A200ED2B93 /* Todo_AppUITests.swift in Sources */ = {isa = PBXBuildFile; fileRef = A61B853A2BE401A200ED2B93 /* Todo_AppUITests.swift */; };
		A61B853D2BE401A200ED2B93 /* Todo_AppUITestsLaunchTests.swift in Sources */ = {isa = PBXBuildFile; fileRef = A61B853C2BE401A200ED2B93 /* Todo_AppUITestsLaunchTests.swift */; };
/* End PBXBuildFile section */

/* Begin PBXContainerItemProxy section */
		A61B852D2BE401A200ED2B93 /* PBXContainerItemProxy */ = {
			isa = PBXContainerItemProxy;
			containerPortal = A61B85142BE401A100ED2B93 /* Project object */;
			proxyType = 1;
			remoteGlobalIDString = A61B851B2BE401A100ED2B93;
			remoteInfo = "Todo App";
		};
		A61B85372BE401A200ED2B93 /* PBXContainerItemProxy */ = {
			isa = PBXContainerItemProxy;
			containerPortal = A61B85142BE401A100ED2B93 /* Project object */;
			proxyType = 1;
			remoteGlobalIDString = A61B851B2BE401A100ED2B93;
			remoteInfo = "Todo App";
		};
/* End PBXContainerItemProxy section */

/* Begin PBXFileReference section */
		A61B851C2BE401A100ED2B93 /* Todo App.app */ = {isa = PBXFileReference; explicitFileType = wrapper.application; includeInIndex = 0; path = "Todo App.app"; sourceTree = BUILT_PRODUCTS_DIR; };
		A61B851F2BE401A100ED2B93 /* Todo_AppApp.swift */ = {isa = PBXFileReference; lastKnownFileType = sourcecode.swift; path = Todo_AppApp.swift; sourceTree = "<group>"; };
		A61B85212BE401A100ED2B93 /* ContentView.swift */ = {isa = PBXFileReference; lastKnownFileType = sourcecode.swift; path = ContentView.swift; sourceTree = "<group>"; };
		A61B85232BE401A200ED2B93 /* Assets.xcassets */ = {isa = PBXFileReference; lastKnownFileType = folder.assetcatalog; path = Assets.xcassets; sourceTree = "<group>"; };
		A61B85262BE401A200ED2B93 /* Preview Assets.xcassets */ = {isa = PBXFileReference; lastKnownFileType = folder.assetcatalog; path = "Preview Assets.xcassets"; sourceTree = "<group>"; };
		A61B852C2BE401A200ED2B93 /* Todo AppTests.xctest */ = {isa = PBXFileReference; explicitFileType = wrapper.cfbundle; includeInIndex = 0; path = "Todo AppTests.xctest"; sourceTree = BUILT_PRODUCTS_DIR; };
		A61B85302BE401A200ED2B93 /* Todo_AppTests.swift */ = {isa = PBXFileReference; lastKnownFileType = sourcecode.swift; path = Todo_AppTests.swift; sourceTree = "<group>"; };
		A61B85362BE401A200ED2B93 /* Todo AppUITests.xctest */ = {isa = PBXFileReference; explicitFileType = wrapper.cfbundle; includeInIndex = 0; path = "Todo AppUITests.xctest"; sourceTree = BUILT_PRODUCTS_DIR; };
		A61B853A2BE401A200ED2B93 /* Todo_AppUITests.swift */ = {isa = PBXFileReference; lastKnownFileType = sourcecode.swift; path = Todo_AppUITests.swift; sourceTree = "<group>"; };
		A61B853C2BE401A200ED2B93 /* Todo_AppUITestsLaunchTests.swift */ = {isa = PBXFileReference; lastKnownFileType = sourcecode.swift; path = Todo_AppUITestsLaunchTests.swift; sourceTree = "<group>"; };
/* End PBXFileReference section */

/* Begin PBXFrameworksBuildPhase section */
		A61B85192BE401A100ED2B93 /* Frameworks */ = {
			isa = PBXFrameworksBuildPhase;
			buildActionMask = 2147483647;
			files = (
			);
			runOnlyForDeploymentPostprocessing = 0;
		};
		A61B85292BE401A200ED2B93 /* Frameworks */ = {
			isa = PBXFrameworksBuildPhase;
			buildActionMask = 2147483647;
			files = (
			);
			runOnlyForDeploymentPostprocessing = 0;
		};
		A61B85332BE401A200ED2B93 /* Frameworks */ = {
			isa = PBXFrameworksBuildPhase;
			buildActionMask = 2147483647;
			files = (
			);
			runOnlyForDeploymentPostprocessing = 0;
		};
/* End PBXFrameworksBuildPhase section */

/* Begin PBXGroup section */
		A61B85132BE401A100ED2B93 = {
			isa = PBXGroup;
			children = (
				A61B851E2BE401A100ED2B93 /* Todo App */,
				A61B852F2BE401A200ED2B93 /* Todo AppTests */,
				A61B85392BE401A200ED2B93 /* Todo AppUITests */,
				A61B851D2BE401A100ED2B93 /* Products */,
			);
			sourceTree = "<group>";
		};
		A61B851D2BE401A100ED2B93 /* Products */ = {
			isa = PBXGroup;
			children = (
				A61B851C2BE401A100ED2B93 /* Todo App.app */,
				A61B852C2BE401A200ED2B93 /* Todo AppTests.xctest */,
				A61B85362BE401A200ED2B93 /* Todo AppUITests.xctest */,
			);
			name = Products;
			sourceTree = "<group>";
		};
		A61B851E2BE401A100ED2B93 /* Todo App */ = {
			isa = PBXGroup;
			children = (
				A61B851F2BE401A100ED2B93 /* Todo_AppApp.swift */,
				A61B85212BE401A100ED2B93 /* ContentView.swift */,
				A61B85232BE401A200ED2B93 /* Assets.xcassets */,
				A61B85252BE401A200ED2B93 /* Preview Content */,
			);
			path = "Todo App";
			sourceTree = "<group>";
		};
		A61B85252BE401A200ED2B93 /* Preview Content */ = {
			isa = PBXGroup;
			children = (
				A61B85262BE401A200ED2B93 /* Preview Assets.xcassets */,
			);
			path = "Preview Content";
			sourceTree = "<group>";
		};
		A61B852F2BE401A200ED2B93 /* Todo AppTests */ = {
			isa = PBXGroup;
			children = (
				A61B85302BE401A200ED2B93 /* Todo_AppTests.swift */,
			);
			path = "Todo AppTests";
			sourceTree = "<group>";
		};
		A61B85392BE401A200ED2B93 /* Todo AppUITests */ = {
			isa = PBXGroup;
			children = (
				A61B853A2BE401A200ED2B93 /* Todo_AppUITests.swift */,
				A61B853C2BE401A200ED2B93 /* Todo_AppUITestsLaunchTests.swift */,
			);
			path = "Todo AppUITests";
			sourceTree = "<group>";
		};
/* End PBXGroup section */

/* Begin PBXNativeTarget section */
		A61B851B2BE401A100ED2B93 /* Todo App */ = {
			isa = PBXNativeTarget;
			buildConfigurationList = A61B85402BE401A200ED2B93 /* Build configuration list for PBXNativeTarget "Todo App" */;
			buildPhases = (
				A61B85182BE401A100ED2B93 /* Sources */,
				A61B85192BE401A100ED2B93 /* Frameworks */,
				A61B851A2BE401A100ED2B93 /* Resources */,
			);
			buildRules = (
			);
			dependencies = (
			);
			name = "Todo App";
			productName = "Todo App";
			productReference = A61B851C2BE401A100ED2B93 /* Todo App.app */;
			productType = "com.apple.product-type.application";
		};
		A61B852B2BE401A200ED2B93 /* Todo AppTests */ = {
			isa = PBXNativeTarget;
			buildConfigurationList = A61B85432BE401A200ED2B93 /* Build configuration list for PBXNativeTarget "Todo AppTests" */;
			buildPhases = (
				A61B85282BE401A200ED2B93 /* Sources */,
				A61B85292BE401A200ED2B93 /* Frameworks */,
				A61B852A2BE401A200ED2B93 /* Resources */,
			);
			buildRules = (
			);
			dependencies = (
				A61B852E2BE401A200ED2B93 /* PBXTargetDependency */,
			);
			name = "Todo AppTests";
			productName = "Todo AppTests";
			productReference = A61B852C2BE401A200ED2B93 /* Todo AppTests.xctest */;
			productType = "com.apple.product-type.bundle.unit-test";
		};
		A61B85352BE401A200ED2B93 /* Todo AppUITests */ = {
			isa = PBXNativeTarget;
			buildConfigurationList = A61B85462BE401A200ED2B93 /* Build configuration list for PBXNativeTarget "Todo AppUITests" */;
			buildPhases = (
				A61B85322BE401A200ED2B93 /* Sources */,
				A61B85332BE401A200ED2B93 /* Frameworks */,
				A61B85342BE401A200ED2B93 /* Resources */,
			);
			buildRules = (
			);
			dependencies = (
				A61B85382BE401A200ED2B93 /* PBXTargetDependency */,
			);
			name = "Todo AppUITests";
			productName = "Todo AppUITests";
			productReference = A61B85362BE401A200ED2B93 /* Todo AppUITests.xctest */;
			productType = "com.apple.product-type.bundle.ui-testing";
		};
/* End PBXNativeTarget section */

/* Begin PBXProject section */
		A61B85142BE401A100ED2B93 /* Project object */ = {
			isa = PBXProject;
			attributes = {
				BuildIndependentTargetsInParallel = 1;
				LastSwiftUpdateCheck = 1530;
				LastUpgradeCheck = 1530;
				TargetAttributes = {
					A61B851B2BE401A100ED2B93 = {
						CreatedOnToolsVersion = 15.3;
					};
					A61B852B2BE401A200ED2B93 = {
						CreatedOnToolsVersion = 15.3;
						TestTargetID = A61B851B2BE401A100ED2B93;
					};
					A61B85352BE401A200ED2B93 = {
						CreatedOnToolsVersion = 15.3;
						TestTargetID = A61B851B2BE401A100ED2B93;
					};
				};
			};
			buildConfigurationList = A61B85172BE401A100ED2B93 /* Build configuration list for PBXProject "Todo App" */;
			compatibilityVersion = "Xcode 14.0";
			developmentRegion = en;
			hasScannedForEncodings = 0;
			knownRegions = (
				en,
				Base,
			);
			mainGroup = A61B85132BE401A100ED2B93;
			productRefGroup = A61B851D2BE401A100ED2B93 /* Products */;
			projectDirPath = "";
			projectRoot = "";
			targets = (
				A61B851B2BE401A100ED2B93 /* Todo App */,
				A61B852B2BE401A200ED2B93 /* Todo AppTests */,
				A61B85352BE401A200ED2B93 /* Todo AppUITests */,
			);
		};
/* End PBXProject section */

/* Begin PBXResourcesBuildPhase section */
		A61B851A2BE401A100ED2B93 /* Resources */ = {
			isa = PBXResourcesBuildPhase;
			buildActionMask = 2147483647;
			files = (
				A61B85272BE401A200ED2B93 /* Preview Assets.xcassets in Resources */,
				A61B85242BE401A200ED2B93 /* Assets.xcassets in Resources */,
			);
			runOnlyForDeploymentPostprocessing = 0;
		};
		A61B852A2BE401A200ED2B93 /* Resources */ = {
			isa = PBXResourcesBuildPhase;
			buildActionMask = 2147483647;
			files = (
			);
			runOnlyForDeploymentPostprocessing = 0;
		};
		A61B85342BE401A200ED2B93 /* Resources */ = {
			isa = PBXResourcesBuildPhase;
			buildActionMask = 2147483647;
			files = (
			);
			runOnlyForDeploymentPostprocessing = 0;
		};
/* End PBXResourcesBuildPhase section */

/* Begin PBXSourcesBuildPhase section */
		A61B85182BE401A100ED2B93 /* Sources */ = {
			isa = PBXSourcesBuildPhase;
			buildActionMask = 2147483647;
			files = (
				A61B85222BE401A100ED2B93 /* ContentView.swift in Sources */,
				A61B85202BE401A100ED2B93 /* Todo_AppApp.swift in Sources */,
			);
			runOnlyForDeploymentPostprocessing = 0;
		};
		A61B85282BE401A200ED2B93 /* Sources */ = {
			isa = PBXSourcesBuildPhase;
			buildActionMask = 2147483647;
			files = (
				A61B85312BE401A200ED2B93 /* Todo_AppTests.swift in Sources */,
			);
			runOnlyForDeploymentPostprocessing = 0;
		};
		A61B85322BE401A200ED2B93 /* Sources */ = {
			isa = PBXSourcesBuildPhase;
			buildActionMask = 2147483647;
			files = (
				A61B853D2BE401A200ED2B93 /* Todo_AppUITestsLaunchTests.swift in Sources */,
				A61B853B2BE401A200ED2B93 /* Todo_AppUITests.swift in Sources */,
			);
			runOnlyForDeploymentPostprocessing = 0;
		};
/* End PBXSourcesBuildPhase section */

/* Begin PBXTargetDependency section */
		A61B852E2BE401A200ED2B93 /* PBXTargetDependency */ = {
			isa = PBXTargetDependency;
			target = A61B851B2BE401A100ED2B93 /* Todo App */;
			targetProxy = A61B852D2BE401A200ED2B93 /* PBXContainerItemProxy */;
		};
		A61B85382BE401A200ED2B93 /* PBXTargetDependency */ = {
			isa = PBXTargetDependency;
			target = A61B851B2BE401A100ED2B93 /* Todo App */;
			targetProxy = A61B85372BE401A200ED2B93 /* PBXContainerItemProxy */;
		};
/* End PBXTargetDependency section */

/* Begin XCBuildConfiguration section */
		A61B853E2BE401A200ED2B93 /* Debug */ = {
			isa = XCBuildConfiguration;
			buildSettings = {
				ALWAYS_SEARCH_USER_PATHS = NO;
				ASSETCATALOG_COMPILER_GENERATE_SWIFT_ASSET_SYMBOL_EXTENSIONS = YES;
				CLANG_ANALYZER_NONNULL = YES;
				CLANG_ANALYZER_NUMBER_OBJECT_CONVERSION = YES_AGGRESSIVE;
				CLANG_CXX_LANGUAGE_STANDARD = "gnu++20";
				CLANG_ENABLE_MODULES = YES;
				CLANG_ENABLE_OBJC_ARC = YES;
				CLANG_ENABLE_OBJC_WEAK = YES;
				CLANG_WARN_BLOCK_CAPTURE_AUTORELEASING = YES;
				CLANG_WARN_BOOL_CONVERSION = YES;
				CLANG_WARN_COMMA = YES;
				CLANG_WARN_CONSTANT_CONVERSION = YES;
				CLANG_WARN_DEPRECATED_OBJC_IMPLEMENTATIONS = YES;
				CLANG_WARN_DIRECT_OBJC_ISA_USAGE = YES_ERROR;
				CLANG_WARN_DOCUMENTATION_COMMENTS = YES;
				CLANG_WARN_EMPTY_BODY = YES;
				CLANG_WARN_ENUM_CONVERSION = YES;
				CLANG_WARN_INFINITE_RECURSION = YES;
				CLANG_WARN_INT_CONVERSION = YES;
				CLANG_WARN_NON_LITERAL_NULL_CONVERSION = YES;
				CLANG_WARN_OBJC_IMPLICIT_RETAIN_SELF = YES;
				CLANG_WARN_OBJC_LITERAL_CONVERSION = YES;
				CLANG_WARN_OBJC_ROOT_CLASS = YES_ERROR;
				CLANG_WARN_QUOTED_INCLUDE_IN_FRAMEWORK_HEADER = YES;
				CLANG_WARN_RANGE_LOOP_ANALYSIS = YES;
				CLANG_WARN_STRICT_PROTOTYPES = YES;
				CLANG_WARN_SUSPICIOUS_MOVE = YES;
				CLANG_WARN_UNGUARDED_AVAILABILITY = YES_AGGRESSIVE;
				CLANG_WARN_UNREACHABLE_CODE = YES;
				CLANG_WARN__DUPLICATE_METHOD_MATCH = YES;
				COPY_PHASE_STRIP = NO;
				DEBUG_INFORMATION_FORMAT = dwarf;
				ENABLE_STRICT_OBJC_MSGSEND = YES;
				ENABLE_TESTABILITY = YES;
				ENABLE_USER_SCRIPT_SANDBOXING = YES;
				GCC_C_LANGUAGE_STANDARD = gnu17;
				GCC_DYNAMIC_NO_PIC = NO;
				GCC_NO_COMMON_BLOCKS = YES;
				GCC_OPTIMIZATION_LEVEL = 0;
				GCC_PREPROCESSOR_DEFINITIONS = (
					"DEBUG=1",
					"$(inherited)",
				);
				GCC_WARN_64_TO_32_BIT_CONVERSION = YES;
				GCC_WARN_ABOUT_RETURN_TYPE = YES_ERROR;
				GCC_WARN_UNDECLARED_SELECTOR = YES;
				GCC_WARN_UNINITIALIZED_AUTOS = YES_AGGRESSIVE;
				GCC_WARN_UNUSED_FUNCTION = YES;
				GCC_WARN_UNUSED_VARIABLE = YES;
				IPHONEOS_DEPLOYMENT_TARGET = 17.4;
				LOCALIZATION_PREFERS_STRING_CATALOGS = YES;
				MTL_ENABLE_DEBUG_INFO = INCLUDE_SOURCE;
				MTL_FAST_MATH = YES;
				ONLY_ACTIVE_ARCH = YES;
				SDKROOT = iphoneos;
				SWIFT_ACTIVE_COMPILATION_CONDITIONS = "DEBUG $(inherited)";
				SWIFT_OPTIMIZATION_LEVEL = "-Onone";
			};
			name = Debug;
		};
		A61B853F2BE401A200ED2B93 /* Release */ = {
			isa = XCBuildConfiguration;
			buildSettings = {
				ALWAYS_SEARCH_USER_PATHS = NO;
				ASSETCATALOG_COMPILER_GENERATE_SWIFT_ASSET_SYMBOL_EXTENSIONS = YES;
				CLANG_ANALYZER_NONNULL = YES;
				CLANG_ANALYZER_NUMBER_OBJECT_CONVERSION = YES_AGGRESSIVE;
				CLANG_CXX_LANGUAGE_STANDARD = "gnu++20";
				CLANG_ENABLE_MODULES = YES;
				CLANG_ENABLE_OBJC_ARC = YES;
				CLANG_ENABLE_OBJC_WEAK = YES;
				CLANG_WARN_BLOCK_CAPTURE_AUTORELEASING = YES;
				CLANG_WARN_BOOL_CONVERSION = YES;
				CLANG_WARN_COMMA = YES;
				CLANG_WARN_CONSTANT_CONVERSION = YES;
				CLANG_WARN_DEPRECATED_OBJC_IMPLEMENTATIONS = YES;
				CLANG_WARN_DIRECT_OBJC_ISA_USAGE = YES_ERROR;
				CLANG_WARN_DOCUMENTATION_COMMENTS = YES;
				CLANG_WARN_EMPTY_BODY = YES;
				CLANG_WARN_ENUM_CONVERSION = YES;
				CLANG_WARN_INFINITE_RECURSION = YES;
				CLANG_WARN_INT_CONVERSION = YES;
				CLANG_WARN_NON_LITERAL_NULL_CONVERSION = YES;
				CLANG_WARN_OBJC_IMPLICIT_RETAIN_SELF = YES;
				CLANG_WARN_OBJC_LITERAL_CONVERSION = YES;
				CLANG_WARN_OBJC_ROOT_CLASS = YES_ERROR;
				CLANG_WARN_QUOTED_INCLUDE_IN_FRAMEWORK_HEADER = YES;
				CLANG_WARN_RANGE_LOOP_ANALYSIS = YES;
				CLANG_WARN_STRICT_PROTOTYPES = YES;
				CLANG_WARN_SUSPICIOUS_MOVE = YES;
				CLANG_WARN_UNGUARDED_AVAILABILITY = YES_AGGRESSIVE;
				CLANG_WARN_UNREACHABLE_CODE = YES;
				CLANG_WARN__DUPLICATE_METHOD_MATCH = YES;
				COPY_PHASE_STRIP = NO;
				DEBUG_INFORMATION_FORMAT = "dwarf-with-dsym";
				ENABLE_NS_ASSERTIONS = NO;
				ENABLE_STRICT_OBJC_MSGSEND = YES;
				ENABLE_USER_SCRIPT_SANDBOXING = YES;
				GCC_C_LANGUAGE_STANDARD = gnu17;
				GCC_NO_COMMON_BLOCKS = YES;
				GCC_WARN_64_TO_32_BIT_CONVERSION = YES;
				GCC_WARN_ABOUT_RETURN_TYPE = YES_ERROR;
				GCC_WARN_UNDECLARED_SELECTOR = YES;
				GCC_WARN_UNINITIALIZED_AUTOS = YES_AGGRESSIVE;
				GCC_WARN_UNUSED_FUNCTION = YES;
				GCC_WARN_UNUSED_VARIABLE = YES;
				IPHONEOS_DEPLOYMENT_TARGET = 17.4;
				LOCALIZATION_PREFERS_STRING_CATALOGS = YES;
				MTL_ENABLE_DEBUG_INFO = NO;
				MTL_FAST_MATH = YES;
				SDKROOT = iphoneos;
				SWIFT_COMPILATION_MODE = wholemodule;
				VALIDATE_PRODUCT = YES;
			};
			name = Release;
		};
		A61B85412BE401A200ED2B93 /* Debug */ = {
			isa = XCBuildConfiguration;
			buildSettings = {
				ASSETCATALOG_COMPILER_APPICON_NAME = AppIcon;
				ASSETCATALOG_COMPILER_GLOBAL_ACCENT_COLOR_NAME = AccentColor;
				CODE_SIGN_STYLE = Automatic;
				CURRENT_PROJECT_VERSION = 1;
				DEVELOPMENT_ASSET_PATHS = "\"Todo App/Preview Content\"";
				DEVELOPMENT_TEAM = 93Y59G3KKD;
				ENABLE_PREVIEWS = YES;
				GENERATE_INFOPLIST_FILE = YES;
				INFOPLIST_KEY_UIApplicationSceneManifest_Generation = YES;
				INFOPLIST_KEY_UIApplicationSupportsIndirectInputEvents = YES;
				INFOPLIST_KEY_UILaunchScreen_Generation = YES;
				INFOPLIST_KEY_UISupportedInterfaceOrientations_iPad = "UIInterfaceOrientationPortrait UIInterfaceOrientationPortraitUpsideDown UIInterfaceOrientationLandscapeLeft UIInterfaceOrientationLandscapeRight";
				INFOPLIST_KEY_UISupportedInterfaceOrientations_iPhone = "UIInterfaceOrientationPortrait UIInterfaceOrientationLandscapeLeft UIInterfaceOrientationLandscapeRight";
				LD_RUNPATH_SEARCH_PATHS = (
					"$(inherited)",
					"@executable_path/Frameworks",
				);
				MARKETING_VERSION = 1.0;
				PRODUCT_BUNDLE_IDENTIFIER = "-.Todo-App";
				PRODUCT_NAME = "$(TARGET_NAME)";
				SWIFT_EMIT_LOC_STRINGS = YES;
				SWIFT_VERSION = 5.0;
				TARGETED_DEVICE_FAMILY = "1,2";
			};
			name = Debug;
		};
		A61B85422BE401A200ED2B93 /* Release */ = {
			isa = XCBuildConfiguration;
			buildSettings = {
				ASSETCATALOG_COMPILER_APPICON_NAME = AppIcon;
				ASSETCATALOG_COMPILER_GLOBAL_ACCENT_COLOR_NAME = AccentColor;
				CODE_SIGN_STYLE = Automatic;
				CURRENT_PROJECT_VERSION = 1;
				DEVELOPMENT_ASSET_PATHS = "\"Todo App/Preview Content\"";
				DEVELOPMENT_TEAM = 93Y59G3KKD;
				ENABLE_PREVIEWS = YES;
				GENERATE_INFOPLIST_FILE = YES;
				INFOPLIST_KEY_UIApplicationSceneManifest_Generation = YES;
				INFOPLIST_KEY_UIApplicationSupportsIndirectInputEvents = YES;
				INFOPLIST_KEY_UILaunchScreen_Generation = YES;
				INFOPLIST_KEY_UISupportedInterfaceOrientations_iPad = "UIInterfaceOrientationPortrait UIInterfaceOrientationPortraitUpsideDown UIInterfaceOrientationLandscapeLeft UIInterfaceOrientationLandscapeRight";
				INFOPLIST_KEY_UISupportedInterfaceOrientations_iPhone = "UIInterfaceOrientationPortrait UIInterfaceOrientationLandscapeLeft UIInterfaceOrientationLandscapeRight";
				LD_RUNPATH_SEARCH_PATHS = (
					"$(inherited)",
					"@executable_path/Frameworks",
				);
				MARKETING_VERSION = 1.0;
				PRODUCT_BUNDLE_IDENTIFIER = "-.Todo-App";
				PRODUCT_NAME = "$(TARGET_NAME)";
				SWIFT_EMIT_LOC_STRINGS = YES;
				SWIFT_VERSION = 5.0;
				TARGETED_DEVICE_FAMILY = "1,2";
			};
			name = Release;
		};
		A61B85442BE401A200ED2B93 /* Debug */ = {
			isa = XCBuildConfiguration;
			buildSettings = {
				ALWAYS_EMBED_SWIFT_STANDARD_LIBRARIES = YES;
				BUNDLE_LOADER = "$(TEST_HOST)";
				CODE_SIGN_STYLE = Automatic;
				CURRENT_PROJECT_VERSION = 1;
				DEVELOPMENT_TEAM = 93Y59G3KKD;
				GENERATE_INFOPLIST_FILE = YES;
				IPHONEOS_DEPLOYMENT_TARGET = 17.4;
				MARKETING_VERSION = 1.0;
				PRODUCT_BUNDLE_IDENTIFIER = "-.Todo-AppTests";
				PRODUCT_NAME = "$(TARGET_NAME)";
				SWIFT_EMIT_LOC_STRINGS = NO;
				SWIFT_VERSION = 5.0;
				TARGETED_DEVICE_FAMILY = "1,2";
				TEST_HOST = "$(BUILT_PRODUCTS_DIR)/Todo App.app/$(BUNDLE_EXECUTABLE_FOLDER_PATH)/Todo App";
			};
			name = Debug;
		};
		A61B85452BE401A200ED2B93 /* Release */ = {
			isa = XCBuildConfiguration;
			buildSettings = {
				ALWAYS_EMBED_SWIFT_STANDARD_LIBRARIES = YES;
				BUNDLE_LOADER = "$(TEST_HOST)";
				CODE_SIGN_STYLE = Automatic;
				CURRENT_PROJECT_VERSION = 1;
				DEVELOPMENT_TEAM = 93Y59G3KKD;
				GENERATE_INFOPLIST_FILE = YES;
				IPHONEOS_DEPLOYMENT_TARGET = 17.4;
				MARKETING_VERSION = 1.0;
				PRODUCT_BUNDLE_IDENTIFIER = "-.Todo-AppTests";
				PRODUCT_NAME = "$(TARGET_NAME)";
				SWIFT_EMIT_LOC_STRINGS = NO;
				SWIFT_VERSION = 5.0;
				TARGETED_DEVICE_FAMILY = "1,2";
				TEST_HOST = "$(BUILT_PRODUCTS_DIR)/Todo App.app/$(BUNDLE_EXECUTABLE_FOLDER_PATH)/Todo App";
			};
			name = Release;
		};
		A61B85472BE401A200ED2B93 /* Debug */ = {
			isa = XCBuildConfiguration;
			buildSettings = {
				ALWAYS_EMBED_SWIFT_STANDARD_LIBRARIES = YES;
				CODE_SIGN_STYLE = Automatic;
				CURRENT_PROJECT_VERSION = 1;
				DEVELOPMENT_TEAM = 93Y59G3KKD;
				GENERATE_INFOPLIST_FILE = YES;
				MARKETING_VERSION = 1.0;
				PRODUCT_BUNDLE_IDENTIFIER = "-.Todo-AppUITests";
				PRODUCT_NAME = "$(TARGET_NAME)";
				SWIFT_EMIT_LOC_STRINGS = NO;
				SWIFT_VERSION = 5.0;
				TARGETED_DEVICE_FAMILY = "1,2";
				TEST_TARGET_NAME = "Todo App";
			};
			name = Debug;
		};
		A61B85482BE401A200ED2B93 /* Release */ = {
			isa = XCBuildConfiguration;
			buildSettings = {
				ALWAYS_EMBED_SWIFT_STANDARD_LIBRARIES = YES;
				CODE_SIGN_STYLE = Automatic;
				CURRENT_PROJECT_VERSION = 1;
				DEVELOPMENT_TEAM = 93Y59G3KKD;
				GENERATE_INFOPLIST_FILE = YES;
				MARKETING_VERSION = 1.0;
				PRODUCT_BUNDLE_IDENTIFIER = "-.Todo-AppUITests";
				PRODUCT_NAME = "$(TARGET_NAME)";
				SWIFT_EMIT_LOC_STRINGS = NO;
				SWIFT_VERSION = 5.0;
				TARGETED_DEVICE_FAMILY = "1,2";
				TEST_TARGET_NAME = "Todo App";
			};
			name = Release;
		};
/* End XCBuildConfiguration section */

/* Begin XCConfigurationList section */
		A61B85172BE401A100ED2B93 /* Build configuration list for PBXProject "Todo App" */ = {
			isa = XCConfigurationList;
			buildConfigurations = (
				A61B853E2BE401A200ED2B93 /* Debug */,
				A61B853F2BE401A200ED2B93 /* Release */,
			);
			defaultConfigurationIsVisible = 0;
			defaultConfigurationName = Release;
		};
		A61B85402BE401A200ED2B93 /* Build configuration list for PBXNativeTarget "Todo App" */ = {
			isa = XCConfigurationList;
			buildConfigurations = (
				A61B85412BE401A200ED2B93 /* Debug */,
				A61B85422BE401A200ED2B93 /* Release */,
			);
			defaultConfigurationIsVisible = 0;
			defaultConfigurationName = Release;
		};
		A61B85432BE401A200ED2B93 /* Build configuration list for PBXNativeTarget "Todo AppTests" */ = {
			isa = XCConfigurationList;
			buildConfigurations = (
				A61B85442BE401A200ED2B93 /* Debug */,
				A61B85452BE401A200ED2B93 /* Release */,
			);
			defaultConfigurationIsVisible = 0;
			defaultConfigurationName = Release;
		};
		A61B85462BE401A200ED2B93 /* Build configuration list for PBXNativeTarget "Todo AppUITests" */ = {
			isa = XCConfigurationList;
			buildConfigurations = (
				A61B85472BE401A200ED2B93 /* Debug */,
				A61B85482BE401A200ED2B93 /* Release */,
			);
			defaultConfigurationIsVisible = 0;
			defaultConfigurationName = Release;
		};
/* End XCConfigurationList section */
	};
	rootObject = A61B85142BE401A100ED2B93 /* Project object */;
}
